# This file is automatically @generated by Cargo.
# It is not intended for manual editing.
version = 3

[[package]]
name = "ahash"
version = "0.8.9"
source = "registry+https://github.com/rust-lang/crates.io-index"
checksum = "d713b3834d76b85304d4d525563c1276e2e30dc97cc67bfb4585a4a29fc2c89f"
dependencies = [
 "cfg-if",
 "once_cell",
 "version_check",
 "zerocopy",
]

[[package]]
name = "aho-corasick"
version = "1.1.2"
source = "registry+https://github.com/rust-lang/crates.io-index"
checksum = "b2969dcb958b36655471fc61f7e416fa76033bdd4bfed0678d8fee1e2d07a1f0"
dependencies = [
 "memchr",
]

[[package]]
name = "allocator-api2"
version = "0.2.18"
source = "registry+https://github.com/rust-lang/crates.io-index"
checksum = "5c6cb57a04249c6480766f7f7cef5467412af1490f8d1e243141daddada3264f"

[[package]]
name = "aoc"
version = "0.1.1"
dependencies = [
 "debug_print",
 "defaultmap",
 "derive_more 0.99.17",
 "hashbrown",
 "itertools",
 "num",
 "pathfinding",
 "rayon",
 "regex",
]

[[package]]
name = "aoc_2022_day_00"
version = "0.1.0"
dependencies = [
 "aoc",
]

[[package]]
name = "aoc_2022_day_01"
version = "0.1.0"

[[package]]
name = "aoc_2022_day_02"
version = "0.1.0"

[[package]]
name = "aoc_2022_day_03"
version = "0.1.0"

[[package]]
name = "aoc_2022_day_04"
version = "0.1.0"
dependencies = [
 "aoc",
]

[[package]]
name = "aoc_2022_day_05"
version = "0.1.1"
dependencies = [
 "aoc",
 "lazy_static",
 "regex",
]

[[package]]
name = "aoc_2022_day_06"
version = "0.1.0"
dependencies = [
 "aoc",
]

[[package]]
name = "aoc_2022_day_07"
version = "0.1.1"
dependencies = [
 "aoc",
 "indextree",
]

[[package]]
name = "aoc_2022_day_08"
version = "0.1.0"
dependencies = [
 "aoc",
]

[[package]]
name = "aoc_2022_day_09"
version = "0.1.1"
dependencies = [
 "aoc",
 "defaultmap",
 "derive_more 0.99.17",
]

[[package]]
name = "aoc_2022_day_10"
version = "0.1.0"
dependencies = [
 "aoc",
]

[[package]]
name = "aoc_2022_day_11"
version = "0.1.0"
dependencies = [
 "aoc",
]

[[package]]
name = "aoc_2022_day_12"
version = "0.1.0"
dependencies = [
 "aoc",
]

[[package]]
name = "aoc_2022_day_13"
version = "0.1.1"
dependencies = [
 "aoc",
 "serde",
 "serde_json",
]

[[package]]
name = "aoc_2022_day_14"
version = "0.1.0"
dependencies = [
 "aoc",
]

[[package]]
name = "aoc_2022_day_15"
version = "0.1.0"
dependencies = [
 "aoc",
]

[[package]]
name = "aoc_2022_day_17"
version = "0.1.0"
dependencies = [
 "aoc",
]

[[package]]
name = "aoc_2022_day_18"
version = "0.1.0"
dependencies = [
 "aoc",
]

[[package]]
name = "aoc_2022_day_19"
version = "0.1.0"
dependencies = [
 "aoc",
]

[[package]]
name = "aoc_2022_day_20"
version = "0.1.0"
dependencies = [
 "aoc",
]

[[package]]
name = "aoc_2022_day_21"
version = "0.1.1"
dependencies = [
 "aoc",
 "parse-display",
 "xxcalc",
]

[[package]]
name = "aoc_2022_day_22"
version = "0.1.0"
dependencies = [
 "aoc",
]

[[package]]
name = "aoc_2022_day_23"
version = "0.1.0"
dependencies = [
 "aoc",
]

[[package]]
name = "aoc_2022_day_24"
version = "0.1.0"
dependencies = [
 "aoc",
]

[[package]]
name = "aoc_2022_day_25"
version = "0.1.0"
dependencies = [
 "aoc",
]

[[package]]
name = "aoc_2023_day_00"
version = "0.1.0"
dependencies = [
 "aoc",
]

[[package]]
name = "aoc_2023_day_01"
version = "0.1.0"
dependencies = [
 "aoc",
]

[[package]]
name = "aoc_2023_day_02"
version = "0.1.0"
dependencies = [
 "aoc",
]

[[package]]
name = "aoc_2023_day_04"
version = "0.1.0"
dependencies = [
 "aoc",
]

[[package]]
name = "aoc_2023_day_06"
version = "0.1.0"
dependencies = [
 "aoc",
]

[[package]]
name = "aoc_2023_day_09"
version = "0.1.0"
dependencies = [
 "aoc",
]

[[package]]
name = "autocfg"
version = "1.1.0"
source = "registry+https://github.com/rust-lang/crates.io-index"
checksum = "d468802bab17cbc0cc575e9b053f41e72aa36bfa6b7f55e3529ffa43161b97fa"

[[package]]
name = "cfg-if"
version = "1.0.0"
source = "registry+https://github.com/rust-lang/crates.io-index"
checksum = "baf1de4339761588bc0619e3cbc0120ee582ebb74b53b4efbf79117bd2da40fd"

[[package]]
name = "convert_case"
version = "0.4.0"
source = "registry+https://github.com/rust-lang/crates.io-index"
checksum = "6245d59a3e82a7fc217c5828a6692dbc6dfb63a0c8c90495621f7b9d79704a0e"

[[package]]
name = "crossbeam-deque"
version = "0.8.5"
source = "registry+https://github.com/rust-lang/crates.io-index"
checksum = "613f8cc01fe9cf1a3eb3d7f488fd2fa8388403e97039e2f73692932e291a770d"
dependencies = [
 "crossbeam-epoch",
 "crossbeam-utils",
]

[[package]]
name = "crossbeam-epoch"
version = "0.9.18"
source = "registry+https://github.com/rust-lang/crates.io-index"
checksum = "5b82ac4a3c2ca9c3460964f020e1402edd5753411d7737aa39c3714ad1b5420e"
dependencies = [
 "crossbeam-utils",
]

[[package]]
name = "crossbeam-utils"
version = "0.8.19"
source = "registry+https://github.com/rust-lang/crates.io-index"
checksum = "248e3bacc7dc6baa3b21e405ee045c3047101a49145e7e9eca583ab4c2ca5345"

[[package]]
name = "debug_print"
version = "1.0.0"
source = "registry+https://github.com/rust-lang/crates.io-index"
checksum = "8f215f9b7224f49fb73256115331f677d868b34d18b65dbe4db392e6021eea90"

[[package]]
name = "defaultmap"
version = "0.6.0"
source = "registry+https://github.com/rust-lang/crates.io-index"
checksum = "15f9f7643e6fa6842f55898be3182c1e5b59447779e0dd55b50f9c601b2bf7c3"
dependencies = [
 "derive_more 1.0.0-beta.3",
 "dyn-clone",
]

[[package]]
name = "deprecate-until"
version = "0.1.1"
source = "registry+https://github.com/rust-lang/crates.io-index"
checksum = "7a3767f826efbbe5a5ae093920b58b43b01734202be697e1354914e862e8e704"
dependencies = [
 "proc-macro2",
 "quote",
 "semver",
 "syn 2.0.51",
]

[[package]]
name = "derive_more"
version = "0.99.17"
source = "registry+https://github.com/rust-lang/crates.io-index"
checksum = "4fb810d30a7c1953f91334de7244731fc3f3c10d7fe163338a35b9f640960321"
dependencies = [
 "convert_case",
 "proc-macro2",
 "quote",
 "rustc_version",
 "syn 1.0.109",
]

[[package]]
name = "derive_more"
version = "1.0.0-beta.3"
source = "registry+https://github.com/rust-lang/crates.io-index"
checksum = "f1335e0609db169713d97c340dd769773c6c63cd953c8fcf1063043fd3d6dd11"
dependencies = [
 "derive_more-impl",
]

[[package]]
name = "derive_more-impl"
version = "1.0.0-beta.3"
source = "registry+https://github.com/rust-lang/crates.io-index"
checksum = "df541e0e2a8069352be228ce4b85a1da6f59bfd325e56f57e4b241babbc3f832"
dependencies = [
 "proc-macro2",
 "quote",
 "syn 2.0.51",
 "unicode-xid",
]

[[package]]
name = "dyn-clone"
version = "1.0.17"
source = "registry+https://github.com/rust-lang/crates.io-index"
checksum = "0d6ef0072f8a535281e4876be788938b528e9a1d43900b82c2569af7da799125"

[[package]]
name = "either"
version = "1.10.0"
source = "registry+https://github.com/rust-lang/crates.io-index"
checksum = "11157ac094ffbdde99aa67b23417ebdd801842852b500e395a45a9c0aac03e4a"

[[package]]
name = "equivalent"
version = "1.0.1"
source = "registry+https://github.com/rust-lang/crates.io-index"
checksum = "5443807d6dff69373d433ab9ef5378ad8df50ca6298caf15de6e52e24aaf54d5"

[[package]]
name = "fixedbitset"
version = "0.4.2"
source = "registry+https://github.com/rust-lang/crates.io-index"
checksum = "0ce7134b9999ecaf8bcd65542e436736ef32ddca1b3e06094cb6ec5755203b80"

[[package]]
name = "hashbrown"
version = "0.14.5"
source = "registry+https://github.com/rust-lang/crates.io-index"
checksum = "e5274423e17b7c9fc20b6e7e208532f9b19825d82dfd615708b70edd83df41f1"
dependencies = [
 "ahash",
 "allocator-api2",
]

[[package]]
name = "indexmap"
version = "2.2.3"
source = "registry+https://github.com/rust-lang/crates.io-index"
checksum = "233cf39063f058ea2caae4091bf4a3ef70a653afbc026f5c4a4135d114e3c177"
dependencies = [
 "equivalent",
 "hashbrown",
]

[[package]]
name = "indextree"
version = "4.6.1"
source = "registry+https://github.com/rust-lang/crates.io-index"
checksum = "3a6f7e29c1619ec492f411b021ac9f30649d5f522ca6f287f2467ee48c8dfe10"

[[package]]
name = "integer-sqrt"
version = "0.1.5"
source = "registry+https://github.com/rust-lang/crates.io-index"
checksum = "276ec31bcb4a9ee45f58bec6f9ec700ae4cf4f4f8f2fa7e06cb406bd5ffdd770"
dependencies = [
 "num-traits",
]

[[package]]
name = "itertools"
version = "0.13.0"
source = "registry+https://github.com/rust-lang/crates.io-index"
checksum = "413ee7dfc52ee1a4949ceeb7dbc8a33f2d6c088194d9f922fb8318faf1f01186"
dependencies = [
 "either",
]

[[package]]
name = "itoa"
version = "1.0.10"
source = "registry+https://github.com/rust-lang/crates.io-index"
checksum = "b1a46d1a171d865aa5f83f92695765caa047a9b4cbae2cbf37dbd613a793fd4c"

[[package]]
name = "lazy_static"
version = "1.4.0"
source = "registry+https://github.com/rust-lang/crates.io-index"
checksum = "e2abad23fbc42b3700f2f279844dc832adb2b2eb069b2df918f455c4e18cc646"

[[package]]
name = "memchr"
version = "2.7.1"
source = "registry+https://github.com/rust-lang/crates.io-index"
checksum = "523dc4f511e55ab87b694dc30d0f820d60906ef06413f93d4d7a1385599cc149"

[[package]]
name = "num"
version = "0.4.3"
source = "registry+https://github.com/rust-lang/crates.io-index"
checksum = "35bd024e8b2ff75562e5f34e7f4905839deb4b22955ef5e73d2fea1b9813cb23"
dependencies = [
 "num-bigint",
 "num-complex",
 "num-integer",
 "num-iter",
 "num-rational",
 "num-traits",
]

[[package]]
name = "num-bigint"
version = "0.4.5"
source = "registry+https://github.com/rust-lang/crates.io-index"
checksum = "c165a9ab64cf766f73521c0dd2cfdff64f488b8f0b3e621face3462d3db536d7"
dependencies = [
 "num-integer",
 "num-traits",
]

[[package]]
name = "num-complex"
version = "0.4.6"
source = "registry+https://github.com/rust-lang/crates.io-index"
checksum = "73f88a1307638156682bada9d7604135552957b7818057dcef22705b4d509495"
dependencies = [
 "num-traits",
]

[[package]]
name = "num-integer"
version = "0.1.46"
source = "registry+https://github.com/rust-lang/crates.io-index"
checksum = "7969661fd2958a5cb096e56c8e1ad0444ac2bbcd0061bd28660485a44879858f"
dependencies = [
 "num-traits",
]

[[package]]
name = "num-iter"
version = "0.1.45"
source = "registry+https://github.com/rust-lang/crates.io-index"
checksum = "1429034a0490724d0075ebb2bc9e875d6503c3cf69e235a8941aa757d83ef5bf"
dependencies = [
 "autocfg",
 "num-integer",
 "num-traits",
]

[[package]]
name = "num-rational"
version = "0.4.2"
source = "registry+https://github.com/rust-lang/crates.io-index"
checksum = "f83d14da390562dca69fc84082e73e548e1ad308d24accdedd2720017cb37824"
dependencies = [
 "num-bigint",
 "num-integer",
 "num-traits",
]

[[package]]
name = "num-traits"
version = "0.2.19"
source = "registry+https://github.com/rust-lang/crates.io-index"
checksum = "071dfc062690e90b734c0b2273ce72ad0ffa95f0c74596bc250dcfd960262841"
dependencies = [
 "autocfg",
]

[[package]]
name = "once_cell"
version = "1.19.0"
source = "registry+https://github.com/rust-lang/crates.io-index"
checksum = "3fdb12b2476b595f9358c5161aa467c2438859caa136dec86c26fdd2efe17b92"

[[package]]
name = "parse-display"
version = "0.9.0"
source = "registry+https://github.com/rust-lang/crates.io-index"
checksum = "06af5f9333eb47bd9ba8462d612e37a8328a5cb80b13f0af4de4c3b89f52dee5"
dependencies = [
 "parse-display-derive",
 "regex",
 "regex-syntax",
]

[[package]]
name = "parse-display-derive"
version = "0.9.0"
source = "registry+https://github.com/rust-lang/crates.io-index"
checksum = "dc9252f259500ee570c75adcc4e317fa6f57a1e47747d622e0bf838002a7b790"
dependencies = [
 "proc-macro2",
 "quote",
 "regex",
 "regex-syntax",
 "structmeta",
 "syn 2.0.51",
]

[[package]]
name = "pathfinding"
version = "4.9.1"
source = "registry+https://github.com/rust-lang/crates.io-index"
checksum = "f0a21c30f03223ae4a4c892f077b3189133689b8a659a84372f8422384ce94c9"
dependencies = [
 "deprecate-until",
 "fixedbitset",
 "indexmap",
 "integer-sqrt",
 "num-traits",
 "rustc-hash",
 "thiserror",
]

[[package]]
name = "proc-macro2"
version = "1.0.78"
source = "registry+https://github.com/rust-lang/crates.io-index"
checksum = "e2422ad645d89c99f8f3e6b88a9fdeca7fabeac836b1002371c4367c8f984aae"
dependencies = [
 "unicode-ident",
]

[[package]]
name = "quote"
version = "1.0.35"
source = "registry+https://github.com/rust-lang/crates.io-index"
checksum = "291ec9ab5efd934aaf503a6466c5d5251535d108ee747472c3977cc5acc868ef"
dependencies = [
 "proc-macro2",
]

[[package]]
name = "rayon"
version = "1.10.0"
source = "registry+https://github.com/rust-lang/crates.io-index"
checksum = "b418a60154510ca1a002a752ca9714984e21e4241e804d32555251faf8b78ffa"
dependencies = [
 "either",
 "rayon-core",
]

[[package]]
name = "rayon-core"
version = "1.12.1"
source = "registry+https://github.com/rust-lang/crates.io-index"
checksum = "1465873a3dfdaa8ae7cb14b4383657caab0b3e8a0aa9ae8e04b044854c8dfce2"
dependencies = [
 "crossbeam-deque",
 "crossbeam-utils",
]

[[package]]
name = "regex"
version = "1.10.4"
source = "registry+https://github.com/rust-lang/crates.io-index"
checksum = "c117dbdfde9c8308975b6a18d71f3f385c89461f7b3fb054288ecf2a2058ba4c"
dependencies = [
 "aho-corasick",
 "memchr",
 "regex-automata",
 "regex-syntax",
]

[[package]]
name = "regex-automata"
version = "0.4.5"
source = "registry+https://github.com/rust-lang/crates.io-index"
checksum = "5bb987efffd3c6d0d8f5f89510bb458559eab11e4f869acb20bf845e016259cd"
dependencies = [
 "aho-corasick",
 "memchr",
 "regex-syntax",
]

[[package]]
name = "regex-syntax"
version = "0.8.2"
source = "registry+https://github.com/rust-lang/crates.io-index"
checksum = "c08c74e62047bb2de4ff487b251e4a92e24f48745648451635cec7d591162d9f"

[[package]]
name = "rustc-hash"
version = "1.1.0"
source = "registry+https://github.com/rust-lang/crates.io-index"
checksum = "08d43f7aa6b08d49f382cde6a7982047c3426db949b1424bc4b7ec9ae12c6ce2"

[[package]]
name = "rustc_version"
version = "0.4.0"
source = "registry+https://github.com/rust-lang/crates.io-index"
checksum = "bfa0f585226d2e68097d4f95d113b15b83a82e819ab25717ec0590d9584ef366"
dependencies = [
 "semver",
]

[[package]]
name = "ryu"
version = "1.0.17"
source = "registry+https://github.com/rust-lang/crates.io-index"
checksum = "e86697c916019a8588c99b5fac3cead74ec0b4b819707a682fd4d23fa0ce1ba1"

[[package]]
name = "semver"
version = "1.0.22"
source = "registry+https://github.com/rust-lang/crates.io-index"
checksum = "92d43fe69e652f3df9bdc2b85b2854a0825b86e4fb76bc44d945137d053639ca"

[[package]]
name = "serde"
version = "1.0.202"
source = "registry+https://github.com/rust-lang/crates.io-index"
checksum = "226b61a0d411b2ba5ff6d7f73a476ac4f8bb900373459cd00fab8512828ba395"
dependencies = [
 "serde_derive",
]

[[package]]
name = "serde_derive"
version = "1.0.202"
source = "registry+https://github.com/rust-lang/crates.io-index"
checksum = "6048858004bcff69094cd972ed40a32500f153bd3be9f716b2eed2e8217c4838"
dependencies = [
 "proc-macro2",
 "quote",
 "syn 2.0.51",
]

[[package]]
name = "serde_json"
version = "1.0.117"
source = "registry+https://github.com/rust-lang/crates.io-index"
checksum = "455182ea6142b14f93f4bc5320a2b31c1f266b66a4a5c858b013302a5d8cbfc3"
dependencies = [
 "itoa",
 "ryu",
 "serde",
]

[[package]]
name = "smallvec"
version = "0.2.1"
source = "registry+https://github.com/rust-lang/crates.io-index"
checksum = "4c8cbcd6df1e117c2210e13ab5109635ad68a929fcbb8964dc965b76cb5ee013"

[[package]]
name = "structmeta"
version = "0.3.0"
source = "registry+https://github.com/rust-lang/crates.io-index"
checksum = "2e1575d8d40908d70f6fd05537266b90ae71b15dbbe7a8b7dffa2b759306d329"
dependencies = [
 "proc-macro2",
 "quote",
 "structmeta-derive",
 "syn 2.0.51",
]

[[package]]
name = "structmeta-derive"
version = "0.3.0"
source = "registry+https://github.com/rust-lang/crates.io-index"
checksum = "152a0b65a590ff6c3da95cabe2353ee04e6167c896b28e3b14478c2636c922fc"
dependencies = [
 "proc-macro2",
 "quote",
 "syn 2.0.51",
]

[[package]]
name = "syn"
version = "1.0.109"
source = "registry+https://github.com/rust-lang/crates.io-index"
checksum = "72b64191b275b66ffe2469e8af2c1cfe3bafa67b529ead792a6d0160888b4237"
dependencies = [
 "proc-macro2",
 "quote",
 "unicode-ident",
]

[[package]]
name = "syn"
version = "2.0.51"
source = "registry+https://github.com/rust-lang/crates.io-index"
checksum = "6ab617d94515e94ae53b8406c628598680aa0c9587474ecbe58188f7b345d66c"
dependencies = [
 "proc-macro2",
 "quote",
 "unicode-ident",
]

[[package]]
name = "thiserror"
version = "1.0.57"
source = "registry+https://github.com/rust-lang/crates.io-index"
checksum = "1e45bcbe8ed29775f228095caf2cd67af7a4ccf756ebff23a306bf3e8b47b24b"
dependencies = [
 "thiserror-impl",
]

[[package]]
name = "thiserror-impl"
version = "1.0.57"
source = "registry+https://github.com/rust-lang/crates.io-index"
checksum = "a953cb265bef375dae3de6663da4d3804eee9682ea80d8e2542529b73c531c81"
dependencies = [
 "proc-macro2",
 "quote",
 "syn 2.0.51",
]

[[package]]
name = "unicode-ident"
version = "1.0.12"
source = "registry+https://github.com/rust-lang/crates.io-index"
checksum = "3354b9ac3fae1ff6755cb6db53683adb661634f67557942dea4facebec0fee4b"

[[package]]
name = "unicode-xid"
version = "0.2.4"
source = "registry+https://github.com/rust-lang/crates.io-index"
checksum = "f962df74c8c05a667b5ee8bcf162993134c104e96440b663c8daa176dc772d8c"

[[package]]
name = "version_check"
version = "0.9.4"
source = "registry+https://github.com/rust-lang/crates.io-index"
checksum = "49874b5167b65d7193b8aba1567f5c7d93d001cafc34600cee003eda787e483f"

[[package]]
name = "xxcalc"
version = "0.2.1"
source = "registry+https://github.com/rust-lang/crates.io-index"
checksum = "4c2725420f62b8c706cd7f710b45bc30a702de16b092114b84bd0bb6d9cccdbc"
dependencies = [
 "smallvec",
]

[[package]]
name = "zerocopy"
version = "0.7.32"
source = "registry+https://github.com/rust-lang/crates.io-index"
checksum = "74d4d3961e53fa4c9a25a8637fc2bfaf2595b3d3ae34875568a5cf64787716be"
dependencies = [
 "zerocopy-derive",
]

[[package]]
name = "zerocopy-derive"
version = "0.7.32"
source = "registry+https://github.com/rust-lang/crates.io-index"
checksum = "9ce1b18ccd8e73a9321186f97e46f9f04b778851177567b1975109d26a08d2a6"
dependencies = [
 "proc-macro2",
 "quote",
 "syn 2.0.51",
]
